{
  "requires": true,
  "lockfileVersion": 1,
  "dependencies": {
    "react-native-config": {
      "version": "1.4.1",
      "resolved": "https://registry.npmjs.org/react-native-config/-/react-native-config-1.4.1.tgz",
      "integrity": "sha512-isK9z1ibzG0Z8HPRhCk0krmvtLknONCpEHLGSpBtf+oQ02PllAXljGMFN/XJCnq3G3MdmP1CffZh3vm4e/A50w=="
    }
  }
}
